
Microsoft Visual Studio Solution File, Format Version 12.00
# Visual Studio Version 17
VisualStudioVersion = 17.1.32421.90
MinimumVisualStudioVersion = 10.0.40219.1
Project("{FAE04EC0-301F-11D3-BF4B-00C04F79EFBC}") = "PKHeXRAMSAVReaderPlugin", "PKHeXRAMSAVReaderPlugin\PKHeXRAMSAVReaderPlugin.csproj", "{DA15AAAE-E778-491F-A2B9-6AEE33ED98E9}"
EndProject
Global
	GlobalSection(SolutionConfigurationPlatforms) = preSolution
		Debug|Any CPU = Debug|Any CPU
		Release|Any CPU = Release|Any CPU
	EndGlobalSection
	GlobalSection(ProjectConfigurationPlatforms) = postSolution
		{DA15AAAE-E778-491F-A2B9-6AEE33ED98E9}.Debug|Any CPU.ActiveCfg = Debug|Any CPU
		{DA15AAAE-E778-491F-A2B9-6AEE33ED98E9}.Debug|Any CPU.Build.0 = Debug|Any CPU
		{DA15AAAE-E778-491F-A2B9-6AEE33ED98E9}.Release|Any CPU.ActiveCfg = Release|Any CPU
		{DA15AAAE-E778-491F-A2B9-6AEE33ED98E9}.Release|Any CPU.Build.0 = Release|Any CPU
	EndGlobalSection
	GlobalSection(SolutionProperties) = preSolution
		HideSolutionNode = FALSE
	EndGlobalSection
	GlobalSection(ExtensibilityGlobals) = postSolution
		SolutionGuid = {5D0CF5BF-56F3-4653-84F1-BEFCE1EB2CEF}
	EndGlobalSection
EndGlobal
